github.com/keithalucas/jsonrpc v0.0.0-20220209030939-fa8c57824447 h1:tv/lIxCKSIkn4J6W6DVUFH0buNIrlr8gVbc2C6M5hpo=
github.com/keithalucas/jsonrpc v0.0.0-20220209030939-fa8c57824447/go.mod h1:A65e70qL4YHNUlSQCa6l/gi/FPR/Y77XYjN7Y1LXWrI=
github.com/keithalucas/jsonrpc v0.0.0-20220209041027-8e887edd7bd4 h1:KlOTQtJUITo85y7qaxwfO19v1manK9a3W3NE5ESD/Ko=
github.com/keithalucas/jsonrpc v0.0.0-20220209041027-8e887edd7bd4/go.mod h1:A65e70qL4YHNUlSQCa6l/gi/FPR/Y77XYjN7Y1LXWrI=
